
Microsoft Visual Studio Solution File, Format Version 12.00
# Visual Studio Version 17
VisualStudioVersion = 17.11.35327.3
MinimumVisualStudioVersion = 10.0.40219.1
Project("{9A19103F-16F7-4668-BE54-9A1E7A4F7556}") = "MFTLib", "MFTLib\MFTLib.csproj", "{152D64D3-268A-4971-971D-448AFC245DB1}"
EndProject
Project("{9A19103F-16F7-4668-BE54-9A1E7A4F7556}") = "TestProgram", "TestProgram\TestProgram.csproj", "{44BAFF17-4F02-49D5-A351-8291927CECBA}"
	ProjectSection(ProjectDependencies) = postProject
		{6A21E35F-5A90-4B80-83FE-B33E8B1114B1} = {6A21E35F-5A90-4B80-83FE-B33E8B1114B1}
	EndProjectSection
EndProject
Project("{8BC9CEB8-8B4A-11D0-8D11-00A0C91BC942}") = "MFTLibNative", "MFTLibNative\MFTLibNative.vcxproj", "{6A21E35F-5A90-4B80-83FE-B33E8B1114B1}"
EndProject
Project("{9A19103F-16F7-4668-BE54-9A1E7A4F7556}") = "MFTLib.Tests", "MFTLib.Tests\MFTLib.Tests.csproj", "{B1A2C3D4-E5F6-7890-ABCD-EF1234567890}"
EndProject
Project("{9A19103F-16F7-4668-BE54-9A1E7A4F7556}") = "Benchmark", "Benchmark\Benchmark.csproj", "{A1B2C3D4-E5F6-7890-ABCD-EF1234567891}"
	ProjectSection(ProjectDependencies) = postProject
		{6A21E35F-5A90-4B80-83FE-B33E8B1114B1} = {6A21E35F-5A90-4B80-83FE-B33E8B1114B1}
	EndProjectSection
EndProject
Global
	GlobalSection(SolutionConfigurationPlatforms) = preSolution
		Debug|x64 = Debug|x64
		Debug|x86 = Debug|x86
		Release|x64 = Release|x64
		Release|x86 = Release|x86
	EndGlobalSection
	GlobalSection(ProjectConfigurationPlatforms) = postSolution
		{152D64D3-268A-4971-971D-448AFC245DB1}.Debug|x64.ActiveCfg = Debug|x64
		{152D64D3-268A-4971-971D-448AFC245DB1}.Debug|x64.Build.0 = Debug|x64
		{152D64D3-268A-4971-971D-448AFC245DB1}.Debug|x86.ActiveCfg = Debug|x86
		{152D64D3-268A-4971-971D-448AFC245DB1}.Debug|x86.Build.0 = Debug|x86
		{152D64D3-268A-4971-971D-448AFC245DB1}.Release|x64.ActiveCfg = Release|x64
		{152D64D3-268A-4971-971D-448AFC245DB1}.Release|x64.Build.0 = Release|x64
		{152D64D3-268A-4971-971D-448AFC245DB1}.Release|x86.ActiveCfg = Release|x86
		{152D64D3-268A-4971-971D-448AFC245DB1}.Release|x86.Build.0 = Release|x86
		{44BAFF17-4F02-49D5-A351-8291927CECBA}.Debug|x64.ActiveCfg = Debug|x64
		{44BAFF17-4F02-49D5-A351-8291927CECBA}.Debug|x64.Build.0 = Debug|x64
		{44BAFF17-4F02-49D5-A351-8291927CECBA}.Debug|x86.ActiveCfg = Debug|x86
		{44BAFF17-4F02-49D5-A351-8291927CECBA}.Debug|x86.Build.0 = Debug|x86
		{44BAFF17-4F02-49D5-A351-8291927CECBA}.Release|x64.ActiveCfg = Release|x64
		{44BAFF17-4F02-49D5-A351-8291927CECBA}.Release|x64.Build.0 = Release|x64
		{44BAFF17-4F02-49D5-A351-8291927CECBA}.Release|x86.ActiveCfg = Release|x86
		{44BAFF17-4F02-49D5-A351-8291927CECBA}.Release|x86.Build.0 = Release|x86
		{6A21E35F-5A90-4B80-83FE-B33E8B1114B1}.Debug|x64.ActiveCfg = Debug|x64
		{6A21E35F-5A90-4B80-83FE-B33E8B1114B1}.Debug|x64.Build.0 = Debug|x64
		{6A21E35F-5A90-4B80-83FE-B33E8B1114B1}.Debug|x86.ActiveCfg = Debug|Win32
		{6A21E35F-5A90-4B80-83FE-B33E8B1114B1}.Debug|x86.Build.0 = Debug|Win32
		{6A21E35F-5A90-4B80-83FE-B33E8B1114B1}.Release|x64.ActiveCfg = Release|x64
		{6A21E35F-5A90-4B80-83FE-B33E8B1114B1}.Release|x64.Build.0 = Release|x64
		{6A21E35F-5A90-4B80-83FE-B33E8B1114B1}.Release|x86.ActiveCfg = Release|Win32
		{6A21E35F-5A90-4B80-83FE-B33E8B1114B1}.Release|x86.Build.0 = Release|Win32
		{B1A2C3D4-E5F6-7890-ABCD-EF1234567890}.Debug|x64.ActiveCfg = Debug|x64
		{B1A2C3D4-E5F6-7890-ABCD-EF1234567890}.Debug|x64.Build.0 = Debug|x64
		{B1A2C3D4-E5F6-7890-ABCD-EF1234567890}.Debug|x86.ActiveCfg = Debug|x86
		{B1A2C3D4-E5F6-7890-ABCD-EF1234567890}.Debug|x86.Build.0 = Debug|x86
		{B1A2C3D4-E5F6-7890-ABCD-EF1234567890}.Release|x64.ActiveCfg = Release|x64
		{B1A2C3D4-E5F6-7890-ABCD-EF1234567890}.Release|x64.Build.0 = Release|x64
		{B1A2C3D4-E5F6-7890-ABCD-EF1234567890}.Release|x86.ActiveCfg = Release|x86
		{B1A2C3D4-E5F6-7890-ABCD-EF1234567890}.Release|x86.Build.0 = Release|x86
		{A1B2C3D4-E5F6-7890-ABCD-EF1234567891}.Debug|x64.ActiveCfg = Debug|x64
		{A1B2C3D4-E5F6-7890-ABCD-EF1234567891}.Debug|x64.Build.0 = Debug|x64
		{A1B2C3D4-E5F6-7890-ABCD-EF1234567891}.Debug|x86.ActiveCfg = Debug|x86
		{A1B2C3D4-E5F6-7890-ABCD-EF1234567891}.Debug|x86.Build.0 = Debug|x86
		{A1B2C3D4-E5F6-7890-ABCD-EF1234567891}.Release|x64.ActiveCfg = Release|x64
		{A1B2C3D4-E5F6-7890-ABCD-EF1234567891}.Release|x64.Build.0 = Release|x64
		{A1B2C3D4-E5F6-7890-ABCD-EF1234567891}.Release|x86.ActiveCfg = Release|x86
		{A1B2C3D4-E5F6-7890-ABCD-EF1234567891}.Release|x86.Build.0 = Release|x86
	EndGlobalSection
	GlobalSection(SolutionProperties) = preSolution
		HideSolutionNode = FALSE
	EndGlobalSection
	GlobalSection(ExtensibilityGlobals) = postSolution
		SolutionGuid = {EF7E998C-B25D-4047-B103-B8C4CA6C2EE3}
	EndGlobalSection
EndGlobal
