
Microsoft Visual Studio Solution File, Format Version 12.00
# Visual Studio Version 17
VisualStudioVersion = 17.11.35327.3
MinimumVisualStudioVersion = 10.0.40219.1
Project("{9A19103F-16F7-4668-BE54-9A1E7A4F7556}") = "MFTLib", "MFTLib\MFTLib.csproj", "{152D64D3-268A-4971-971D-448AFC245DB1}"
EndProject
Project("{FAE04EC0-301F-11D3-BF4B-00C04F79EFBC}") = "TestProgram", "TestProgram\TestProgram.csproj", "{44BAFF17-4F02-49D5-A351-8291927CECBA}"
EndProject
Global
	GlobalSection(SolutionConfigurationPlatforms) = preSolution
		Debug|Any CPU = Debug|Any CPU
		Release|Any CPU = Release|Any CPU
	EndGlobalSection
	GlobalSection(ProjectConfigurationPlatforms) = postSolution
		{152D64D3-268A-4971-971D-448AFC245DB1}.Debug|Any CPU.ActiveCfg = Debug|Any CPU
		{152D64D3-268A-4971-971D-448AFC245DB1}.Debug|Any CPU.Build.0 = Debug|Any CPU
		{152D64D3-268A-4971-971D-448AFC245DB1}.Release|Any CPU.ActiveCfg = Release|Any CPU
		{152D64D3-268A-4971-971D-448AFC245DB1}.Release|Any CPU.Build.0 = Release|Any CPU
		{44BAFF17-4F02-49D5-A351-8291927CECBA}.Debug|Any CPU.ActiveCfg = Debug|Any CPU
		{44BAFF17-4F02-49D5-A351-8291927CECBA}.Debug|Any CPU.Build.0 = Debug|Any CPU
		{44BAFF17-4F02-49D5-A351-8291927CECBA}.Release|Any CPU.ActiveCfg = Release|Any CPU
		{44BAFF17-4F02-49D5-A351-8291927CECBA}.Release|Any CPU.Build.0 = Release|Any CPU
	EndGlobalSection
	GlobalSection(SolutionProperties) = preSolution
		HideSolutionNode = FALSE
	EndGlobalSection
	GlobalSection(ExtensibilityGlobals) = postSolution
		SolutionGuid = {EF7E998C-B25D-4047-B103-B8C4CA6C2EE3}
	EndGlobalSection
EndGlobal
